
Microsoft Visual Studio Solution File, Format Version 12.00
# Visual Studio Version 17
VisualStudioVersion = 17.0.31903.59
MinimumVisualStudioVersion = 10.0.40219.1
Project("{FAE04EC0-301F-11D3-BF4B-00C04F79EFBC}") = "GridExample", "GridExample\GridExample.csproj", "{4962FB4B-8AA7-480E-9E10-00398F942DDA}"
EndProject
Global
	GlobalSection(SolutionConfigurationPlatforms) = preSolution
		Debug|Any CPU = Debug|Any CPU
		Release|Any CPU = Release|Any CPU
	EndGlobalSection
	GlobalSection(SolutionProperties) = preSolution
		HideSolutionNode = FALSE
	EndGlobalSection
	GlobalSection(ProjectConfigurationPlatforms) = postSolution
		{4962FB4B-8AA7-480E-9E10-00398F942DDA}.Debug|Any CPU.ActiveCfg = Debug|Any CPU
		{4962FB4B-8AA7-480E-9E10-00398F942DDA}.Debug|Any CPU.Build.0 = Debug|Any CPU
		{4962FB4B-8AA7-480E-9E10-00398F942DDA}.Release|Any CPU.ActiveCfg = Release|Any CPU
		{4962FB4B-8AA7-480E-9E10-00398F942DDA}.Release|Any CPU.Build.0 = Release|Any CPU
	EndGlobalSection
EndGlobal
