Microsoft Visual Studio Solution File, Format Version 12.00
# Visual Studio Version 17
VisualStudioVersion = 17.5.2.0
MinimumVisualStudioVersion = 10.0.40219.1
Project("{FAE04EC0-301F-11D3-BF4B-00C04F79EFBC}") = "BeeHiveManagement", "BeeHiveManagement.csproj", "{3C3606F2-652A-2089-362F-29F474FA9E68}"
EndProject
Global
	GlobalSection(SolutionConfigurationPlatforms) = preSolution
		Debug|Any CPU = Debug|Any CPU
		Release|Any CPU = Release|Any CPU
	EndGlobalSection
	GlobalSection(ProjectConfigurationPlatforms) = postSolution
		{3C3606F2-652A-2089-362F-29F474FA9E68}.Debug|Any CPU.ActiveCfg = Debug|Any CPU
		{3C3606F2-652A-2089-362F-29F474FA9E68}.Debug|Any CPU.Build.0 = Debug|Any CPU
		{3C3606F2-652A-2089-362F-29F474FA9E68}.Release|Any CPU.ActiveCfg = Release|Any CPU
		{3C3606F2-652A-2089-362F-29F474FA9E68}.Release|Any CPU.Build.0 = Release|Any CPU
	EndGlobalSection
	GlobalSection(SolutionProperties) = preSolution
		HideSolutionNode = FALSE
	EndGlobalSection
	GlobalSection(ExtensibilityGlobals) = postSolution
		SolutionGuid = {6BEFAE79-6A07-449E-9714-1266D77E60CC}
	EndGlobalSection
EndGlobal
